%{"elixir_mbcs": {:git, "https://github.com/woxtu/elixir-mbcs.git", "884c97098cc08988dd0555ffd3ac564079d74457", []},
  "floki": {:hex, :floki, "0.7.1", "64e6d266b4817711b24b9d2e62b55f4af673d791fdd30462f961b94f45c8b1e9", [:mix], [{:mochiweb, "~> 2.12.2", [hex: :mochiweb, repo: "hexpm", optional: false]}], "hexpm"},
  "hackney": {:hex, :hackney, "1.3.2", "43bd07ab88753f5e136e38fddd2a09124bee25733b03361eeb459d0173fc17ab", [:make, :rebar], [{:idna, "~> 1.0.2", [hex: :idna, repo: "hexpm", optional: false]}, {:ssl_verify_hostname, "~> 1.0.5", [hex: :ssl_verify_hostname, repo: "hexpm", optional: false]}], "hexpm"},
  "httpoison": {:hex, :httpoison, "0.7.5", "7f4a1dc1245f6a4a7d944786b75a44c94056bd54830299229e4b57fd75cb9daa", [:mix], [{:hackney, "~> 1.3.1", [hex: :hackney, repo: "hexpm", optional: false]}], "hexpm"},
  "idna": {:hex, :idna, "1.0.2", "397e3d001c002319da75759b0a81156bf11849c71d565162436d50020cb7265e", [:make], [], "hexpm"},
  "mbcs": {:git, "https://github.com/nekova/erlang-mbcs.git", "7bc88e28624abd6780073241e3bbb01b874b6a16", []},
  "mochiweb": {:hex, :mochiweb, "2.12.2", "80804ad342afa3d7f3524040d4eed66ce74b17a555de454ac85b07c479928e46", [:make, :rebar], [], "hexpm"},
  "ssl_verify_hostname": {:hex, :ssl_verify_hostname, "1.0.5", "2e73e068cd6393526f9fa6d399353d7c9477d6886ba005f323b592d389fb47be", [:make], [], "hexpm"}}
