%{"codepagex": {:hex, :codepagex, "0.1.2"},
  "combine": {:hex, :combine, "0.5.3"},
  "elixir_mbcs": {:hex, :elixir_mbcs, "0.1.1"},
  "erlang-mbcs": {:git, "git://github.com/rkfg/erlang-mbcs.git", "02ca02a4cbde44ff8189d295e686f6dc9f2bc0ab", []},
  "floki": {:hex, :floki, "0.7.0"},
  "hackney": {:hex, :hackney, "1.3.2"},
  "httpoison": {:hex, :httpoison, "0.7.5"},
  "idna": {:hex, :idna, "1.0.2"},
  "mbcs": {:git, "git://github.com/rkfg/erlang-mbcs.git", "7bc88e28624abd6780073241e3bbb01b874b6a16", []},
  "mochiweb": {:hex, :mochiweb, "2.12.2"},
  "parallel": {:hex, :parallel, "0.0.2"},
  "scrape": {:hex, :scrape, "1.0.1"},
  "ssl_verify_hostname": {:hex, :ssl_verify_hostname, "1.0.5"},
  "timex": {:hex, :timex, "0.19.5"},
  "tzdata": {:hex, :tzdata, "0.5.4"}}
